Microsoft Visual Studio Solution File, Format Version 12.00
# Visual Studio Version 17
VisualStudioVersion = 17.5.2.0
MinimumVisualStudioVersion = 10.0.40219.1
Project("{FAE04EC0-301F-11D3-BF4B-00C04F79EFBC}") = "TicketingApi", "TicketingApi.csproj", "{EC9FE624-1371-3207-B32D-BE4D1E5C59CE}"
EndProject
Global
	GlobalSection(SolutionConfigurationPlatforms) = preSolution
		Debug|Any CPU = Debug|Any CPU
		Release|Any CPU = Release|Any CPU
	EndGlobalSection
	GlobalSection(ProjectConfigurationPlatforms) = postSolution
		{EC9FE624-1371-3207-B32D-BE4D1E5C59CE}.Debug|Any CPU.ActiveCfg = Debug|Any CPU
		{EC9FE624-1371-3207-B32D-BE4D1E5C59CE}.Debug|Any CPU.Build.0 = Debug|Any CPU
		{EC9FE624-1371-3207-B32D-BE4D1E5C59CE}.Release|Any CPU.ActiveCfg = Release|Any CPU
		{EC9FE624-1371-3207-B32D-BE4D1E5C59CE}.Release|Any CPU.Build.0 = Release|Any CPU
	EndGlobalSection
	GlobalSection(SolutionProperties) = preSolution
		HideSolutionNode = FALSE
	EndGlobalSection
	GlobalSection(ExtensibilityGlobals) = postSolution
		SolutionGuid = {9740AD72-0405-484B-9977-D70CF3C769DD}
	EndGlobalSection
EndGlobal
